
Microsoft Visual Studio Solution File, Format Version 12.00
# Visual Studio Version 16
VisualStudioVersion = 16.0.30517.126
MinimumVisualStudioVersion = 10.0.40219.1
Project("{FAE04EC0-301F-11D3-BF4B-00C04F79EFBC}") = "HousingApp", "HousingApp.csproj", "{1471ECA7-9116-497E-8CF2-AA1E2B4404E4}"
EndProject
Global
	GlobalSection(SolutionConfigurationPlatforms) = preSolution
		Debug|Any CPU = Debug|Any CPU
		Release|Any CPU = Release|Any CPU
	EndGlobalSection
	GlobalSection(ProjectConfigurationPlatforms) = postSolution
		{1471ECA7-9116-497E-8CF2-AA1E2B4404E4}.Debug|Any CPU.ActiveCfg = Debug|Any CPU
		{1471ECA7-9116-497E-8CF2-AA1E2B4404E4}.Debug|Any CPU.Build.0 = Debug|Any CPU
		{1471ECA7-9116-497E-8CF2-AA1E2B4404E4}.Release|Any CPU.ActiveCfg = Release|Any CPU
		{1471ECA7-9116-497E-8CF2-AA1E2B4404E4}.Release|Any CPU.Build.0 = Release|Any CPU
	EndGlobalSection
	GlobalSection(SolutionProperties) = preSolution
		HideSolutionNode = FALSE
	EndGlobalSection
	GlobalSection(ExtensibilityGlobals) = postSolution
		SolutionGuid = {F70541AD-C778-4EC9-828B-79AF5616E3BA}
	EndGlobalSection
EndGlobal
